// !$*UTF8*$!
{
	archiveVersion = 1;
	classes = {
	};
	objectVersion = 46;
	objects = {

/* Begin PBXBuildFile section */
		2E4F36BC1EAC93A4009B431C /* SiriQueryAPI.swift in Sources */ = {isa = PBXBuildFile; fileRef = 2E4F36BB1EAC93A4009B431C /* SiriQueryAPI.swift */; };
		430E44541EABF06300116ABC /* AppDelegate.swift in Sources */ = {isa = PBXBuildFile; fileRef = 430E44531EABF06300116ABC /* AppDelegate.swift */; };
		430E44581EABF06300116ABC /* Assets.xcassets in Resources */ = {isa = PBXBuildFile; fileRef = 430E44571EABF06300116ABC /* Assets.xcassets */; };
		430E44631EABF2A600116ABC /* MainMenu.xib in Resources */ = {isa = PBXBuildFile; fileRef = 430E44621EABF2A600116ABC /* MainMenu.xib */; };
		4342FB3E1EAD144C007BEF69 /* NSImage+Crop.swift in Sources */ = {isa = PBXBuildFile; fileRef = 4342FB3D1EAD144C007BEF69 /* NSImage+Crop.swift */; };
		43FDD12D1EAC9792006A1517 /* StatusMenuController.swift in Sources */ = {isa = PBXBuildFile; fileRef = 43FDD12C1EAC9792006A1517 /* StatusMenuController.swift */; };
/* End PBXBuildFile section */

/* Begin PBXFileReference section */
		2E4F36BB1EAC93A4009B431C /* SiriQueryAPI.swift */ = {isa = PBXFileReference; fileEncoding = 4; lastKnownFileType = sourcecode.swift; path = SiriQueryAPI.swift; sourceTree = "<group>"; };
		430E44501EABF06300116ABC /* Siri-Query-mac.app */ = {isa = PBXFileReference; explicitFileType = wrapper.application; includeInIndex = 0; path = "Siri-Query-mac.app"; sourceTree = BUILT_PRODUCTS_DIR; };
		430E44531EABF06300116ABC /* AppDelegate.swift */ = {isa = PBXFileReference; lastKnownFileType = sourcecode.swift; path = AppDelegate.swift; sourceTree = "<group>"; };
		430E44571EABF06300116ABC /* Assets.xcassets */ = {isa = PBXFileReference; lastKnownFileType = folder.assetcatalog; path = Assets.xcassets; sourceTree = "<group>"; };
		430E445C1EABF06300116ABC /* Info.plist */ = {isa = PBXFileReference; lastKnownFileType = text.plist.xml; path = Info.plist; sourceTree = "<group>"; };
		430E44621EABF2A600116ABC /* MainMenu.xib */ = {isa = PBXFileReference; fileEncoding = 4; lastKnownFileType = file.xib; path = MainMenu.xib; sourceTree = "<group>"; };
		4342FB3D1EAD144C007BEF69 /* NSImage+Crop.swift */ = {isa = PBXFileReference; fileEncoding = 4; lastKnownFileType = sourcecode.swift; path = "NSImage+Crop.swift"; sourceTree = "<group>"; };
		43FDD12C1EAC9792006A1517 /* StatusMenuController.swift */ = {isa = PBXFileReference; fileEncoding = 4; lastKnownFileType = sourcecode.swift; path = StatusMenuController.swift; sourceTree = "<group>"; };
/* End PBXFileReference section */

/* Begin PBXFrameworksBuildPhase section */
		430E444D1EABF06300116ABC /* Frameworks */ = {
			isa = PBXFrameworksBuildPhase;
			buildActionMask = 2147483647;
			files = (
			);
			runOnlyForDeploymentPostprocessing = 0;
		};
/* End PBXFrameworksBuildPhase section */

/* Begin PBXGroup section */
		430E44471EABF06200116ABC = {
			isa = PBXGroup;
			children = (
				430E44521EABF06300116ABC /* Siri-Query-mac */,
				430E44511EABF06300116ABC /* Products */,
			);
			sourceTree = "<group>";
		};
		430E44511EABF06300116ABC /* Products */ = {
			isa = PBXGroup;
			children = (
				430E44501EABF06300116ABC /* Siri-Query-mac.app */,
			);
			name = Products;
			sourceTree = "<group>";
		};
		430E44521EABF06300116ABC /* Siri-Query-mac */ = {
			isa = PBXGroup;
			children = (
				430E44531EABF06300116ABC /* AppDelegate.swift */,
				43FDD12C1EAC9792006A1517 /* StatusMenuController.swift */,
				2E4F36BB1EAC93A4009B431C /* SiriQueryAPI.swift */,
				430E44621EABF2A600116ABC /* MainMenu.xib */,
				430E44571EABF06300116ABC /* Assets.xcassets */,
				430E445C1EABF06300116ABC /* Info.plist */,
				4342FB3D1EAD144C007BEF69 /* NSImage+Crop.swift */,
			);
			path = "Siri-Query-mac";
			sourceTree = "<group>";
		};
/* End PBXGroup section */

/* Begin PBXNativeTarget section */
		430E444F1EABF06300116ABC /* Siri-Query-mac */ = {
			isa = PBXNativeTarget;
			buildConfigurationList = 430E445F1EABF06300116ABC /* Build configuration list for PBXNativeTarget "Siri-Query-mac" */;
			buildPhases = (
				430E444C1EABF06300116ABC /* Sources */,
				430E444D1EABF06300116ABC /* Frameworks */,
				430E444E1EABF06300116ABC /* Resources */,
			);
			buildRules = (
			);
			dependencies = (
			);
			name = "Siri-Query-mac";
			productName = "Siri-Query-mac";
			productReference = 430E44501EABF06300116ABC /* Siri-Query-mac.app */;
			productType = "com.apple.product-type.application";
		};
/* End PBXNativeTarget section */

/* Begin PBXProject section */
		430E44481EABF06200116ABC /* Project object */ = {
			isa = PBXProject;
			attributes = {
				LastSwiftUpdateCheck = 0830;
				LastUpgradeCheck = 0830;
				ORGANIZATIONNAME = SiriQuery;
				TargetAttributes = {
					430E444F1EABF06300116ABC = {
						CreatedOnToolsVersion = 8.3.1;
						DevelopmentTeam = YT2C78F725;
						ProvisioningStyle = Automatic;
					};
				};
			};
			buildConfigurationList = 430E444B1EABF06200116ABC /* Build configuration list for PBXProject "Siri-Query-mac" */;
			compatibilityVersion = "Xcode 3.2";
			developmentRegion = English;
			hasScannedForEncodings = 0;
			knownRegions = (
				en,
				Base,
			);
			mainGroup = 430E44471EABF06200116ABC;
			productRefGroup = 430E44511EABF06300116ABC /* Products */;
			projectDirPath = "";
			projectRoot = "";
			targets = (
				430E444F1EABF06300116ABC /* Siri-Query-mac */,
			);
		};
/* End PBXProject section */

/* Begin PBXResourcesBuildPhase section */
		430E444E1EABF06300116ABC /* Resources */ = {
			isa = PBXResourcesBuildPhase;
			buildActionMask = 2147483647;
			files = (
				430E44581EABF06300116ABC /* Assets.xcassets in Resources */,
				430E44631EABF2A600116ABC /* MainMenu.xib in Resources */,
			);
			runOnlyForDeploymentPostprocessing = 0;
		};
/* End PBXResourcesBuildPhase section */

/* Begin PBXSourcesBuildPhase section */
		430E444C1EABF06300116ABC /* Sources */ = {
			isa = PBXSourcesBuildPhase;
			buildActionMask = 2147483647;
			files = (
				4342FB3E1EAD144C007BEF69 /* NSImage+Crop.swift in Sources */,
				43FDD12D1EAC9792006A1517 /* StatusMenuController.swift in Sources */,
				2E4F36BC1EAC93A4009B431C /* SiriQueryAPI.swift in Sources */,
				430E44541EABF06300116ABC /* AppDelegate.swift in Sources */,
			);
			runOnlyForDeploymentPostprocessing = 0;
		};
/* End PBXSourcesBuildPhase section */

/* Begin XCBuildConfiguration section */
		430E445D1EABF06300116ABC /* Debug */ = {
			isa = XCBuildConfiguration;
			buildSettings = {
				ALWAYS_SEARCH_USER_PATHS = NO;
				CLANG_ANALYZER_NONNULL = YES;
				CLANG_ANALYZER_NUMBER_OBJECT_CONVERSION = YES_AGGRESSIVE;
				CLANG_CXX_LANGUAGE_STANDARD = "gnu++0x";
				CLANG_CXX_LIBRARY = "libc++";
				CLANG_ENABLE_MODULES = YES;
				CLANG_ENABLE_OBJC_ARC = YES;
				CLANG_WARN_BOOL_CONVERSION = YES;
				CLANG_WARN_CONSTANT_CONVERSION = YES;
				CLANG_WARN_DIRECT_OBJC_ISA_USAGE = YES_ERROR;
				CLANG_WARN_DOCUMENTATION_COMMENTS = YES;
				CLANG_WARN_EMPTY_BODY = YES;
				CLANG_WARN_ENUM_CONVERSION = YES;
				CLANG_WARN_INFINITE_RECURSION = YES;
				CLANG_WARN_INT_CONVERSION = YES;
				CLANG_WARN_OBJC_ROOT_CLASS = YES_ERROR;
				CLANG_WARN_SUSPICIOUS_MOVE = YES;
				CLANG_WARN_UNREACHABLE_CODE = YES;
				CLANG_WARN__DUPLICATE_METHOD_MATCH = YES;
				CODE_SIGN_IDENTITY = "-";
				COPY_PHASE_STRIP = NO;
				DEBUG_INFORMATION_FORMAT = dwarf;
				ENABLE_STRICT_OBJC_MSGSEND = YES;
				ENABLE_TESTABILITY = YES;
				GCC_C_LANGUAGE_STANDARD = gnu99;
				GCC_DYNAMIC_NO_PIC = NO;
				GCC_NO_COMMON_BLOCKS = YES;
				GCC_OPTIMIZATION_LEVEL = 0;
				GCC_PREPROCESSOR_DEFINITIONS = (
					"DEBUG=1",
					"$(inherited)",
				);
				GCC_WARN_64_TO_32_BIT_CONVERSION = YES;
				GCC_WARN_ABOUT_RETURN_TYPE = YES_ERROR;
				GCC_WARN_UNDECLARED_SELECTOR = YES;
				GCC_WARN_UNINITIALIZED_AUTOS = YES_AGGRESSIVE;
				GCC_WARN_UNUSED_FUNCTION = YES;
				GCC_WARN_UNUSED_VARIABLE = YES;
				MACOSX_DEPLOYMENT_TARGET = 10.12;
				MTL_ENABLE_DEBUG_INFO = YES;
				ONLY_ACTIVE_ARCH = YES;
				SDKROOT = macosx;
				SWIFT_ACTIVE_COMPILATION_CONDITIONS = DEBUG;
				SWIFT_OPTIMIZATION_LEVEL = "-Onone";
			};
			name = Debug;
		};
		430E445E1EABF06300116ABC /* Release */ = {
			isa = XCBuildConfiguration;
			buildSettings = {
				ALWAYS_SEARCH_USER_PATHS = NO;
				CLANG_ANALYZER_NONNULL = YES;
				CLANG_ANALYZER_NUMBER_OBJECT_CONVERSION = YES_AGGRESSIVE;
				CLANG_CXX_LANGUAGE_STANDARD = "gnu++0x";
				CLANG_CXX_LIBRARY = "libc++";
				CLANG_ENABLE_MODULES = YES;
				CLANG_ENABLE_OBJC_ARC = YES;
				CLANG_WARN_BOOL_CONVERSION = YES;
				CLANG_WARN_CONSTANT_CONVERSION = YES;
				CLANG_WARN_DIRECT_OBJC_ISA_USAGE = YES_ERROR;
				CLANG_WARN_DOCUMENTATION_COMMENTS = YES;
				CLANG_WARN_EMPTY_BODY = YES;
				CLANG_WARN_ENUM_CONVERSION = YES;
				CLANG_WARN_INFINITE_RECURSION = YES;
				CLANG_WARN_INT_CONVERSION = YES;
				CLANG_WARN_OBJC_ROOT_CLASS = YES_ERROR;
				CLANG_WARN_SUSPICIOUS_MOVE = YES;
				CLANG_WARN_UNREACHABLE_CODE = YES;
				CLANG_WARN__DUPLICATE_METHOD_MATCH = YES;
				CODE_SIGN_IDENTITY = "-";
				COPY_PHASE_STRIP = NO;
				DEBUG_INFORMATION_FORMAT = "dwarf-with-dsym";
				ENABLE_NS_ASSERTIONS = NO;
				ENABLE_STRICT_OBJC_MSGSEND = YES;
				GCC_C_LANGUAGE_STANDARD = gnu99;
				GCC_NO_COMMON_BLOCKS = YES;
				GCC_WARN_64_TO_32_BIT_CONVERSION = YES;
				GCC_WARN_ABOUT_RETURN_TYPE = YES_ERROR;
				GCC_WARN_UNDECLARED_SELECTOR = YES;
				GCC_WARN_UNINITIALIZED_AUTOS = YES_AGGRESSIVE;
				GCC_WARN_UNUSED_FUNCTION = YES;
				GCC_WARN_UNUSED_VARIABLE = YES;
				MACOSX_DEPLOYMENT_TARGET = 10.12;
				MTL_ENABLE_DEBUG_INFO = NO;
				SDKROOT = macosx;
				SWIFT_OPTIMIZATION_LEVEL = "-Owholemodule";
			};
			name = Release;
		};
		430E44601EABF06300116ABC /* Debug */ = {
			isa = XCBuildConfiguration;
			buildSettings = {
				ASSETCATALOG_COMPILER_APPICON_NAME = AppIcon;
				COMBINE_HIDPI_IMAGES = YES;
				DEVELOPMENT_TEAM = YT2C78F725;
				INFOPLIST_FILE = "Siri-Query-mac/Info.plist";
				LD_RUNPATH_SEARCH_PATHS = "$(inherited) @executable_path/../Frameworks";
				PRODUCT_BUNDLE_IDENTIFIER = "com.siriquery.Siri-Query-mac";
				PRODUCT_NAME = "$(TARGET_NAME)";
				SWIFT_VERSION = 3.0;
			};
			name = Debug;
		};
		430E44611EABF06300116ABC /* Release */ = {
			isa = XCBuildConfiguration;
			buildSettings = {
				ASSETCATALOG_COMPILER_APPICON_NAME = AppIcon;
				COMBINE_HIDPI_IMAGES = YES;
				DEVELOPMENT_TEAM = YT2C78F725;
				INFOPLIST_FILE = "Siri-Query-mac/Info.plist";
				LD_RUNPATH_SEARCH_PATHS = "$(inherited) @executable_path/../Frameworks";
				PRODUCT_BUNDLE_IDENTIFIER = "com.siriquery.Siri-Query-mac";
				PRODUCT_NAME = "$(TARGET_NAME)";
				SWIFT_VERSION = 3.0;
			};
			name = Release;
		};
/* End XCBuildConfiguration section */

/* Begin XCConfigurationList section */
		430E444B1EABF06200116ABC /* Build configuration list for PBXProject "Siri-Query-mac" */ = {
			isa = XCConfigurationList;
			buildConfigurations = (
				430E445D1EABF06300116ABC /* Debug */,
				430E445E1EABF06300116ABC /* Release */,
			);
			defaultConfigurationIsVisible = 0;
			defaultConfigurationName = Release;
		};
		430E445F1EABF06300116ABC /* Build configuration list for PBXNativeTarget "Siri-Query-mac" */ = {
			isa = XCConfigurationList;
			buildConfigurations = (
				430E44601EABF06300116ABC /* Debug */,
				430E44611EABF06300116ABC /* Release */,
			);
			defaultConfigurationIsVisible = 0;
			defaultConfigurationName = Release;
		};
/* End XCConfigurationList section */
	};
	rootObject = 430E44481EABF06200116ABC /* Project object */;
}
